// !$*UTF8*$!
{
	archiveVersion = 1;
	classes = {
	};
	objectVersion = 50;
	objects = {

/* Begin PBXBuildFile section */
		601B98E3231D603300333CD0 /* Scene.scnassets in Resources */ = {isa = PBXBuildFile; fileRef = 601B98E2231D603300333CD0 /* Scene.scnassets */; };
		601B98E4231D603300333CD0 /* Scene.scnassets in Resources */ = {isa = PBXBuildFile; fileRef = 601B98E2231D603300333CD0 /* Scene.scnassets */; };
		6042E5BB231D571C002A0E1F /* AppDelegate.swift in Sources */ = {isa = PBXBuildFile; fileRef = 6042E5BA231D571C002A0E1F /* AppDelegate.swift */; };
		6042E5BD231D571C002A0E1F /* GameViewController.swift in Sources */ = {isa = PBXBuildFile; fileRef = 6042E5BC231D571C002A0E1F /* GameViewController.swift */; };
		6042E5C0231D571C002A0E1F /* Main.storyboard in Resources */ = {isa = PBXBuildFile; fileRef = 6042E5BE231D571C002A0E1F /* Main.storyboard */; };
		6042E5C3231D571C002A0E1F /* LaunchScreen.storyboard in Resources */ = {isa = PBXBuildFile; fileRef = 6042E5C1231D571C002A0E1F /* LaunchScreen.storyboard */; };
		6042E5CC231D571C002A0E1F /* AppDelegate.swift in Sources */ = {isa = PBXBuildFile; fileRef = 6042E5CB231D571C002A0E1F /* AppDelegate.swift */; };
		6042E5CE231D571C002A0E1F /* GameViewController.swift in Sources */ = {isa = PBXBuildFile; fileRef = 6042E5CD231D571C002A0E1F /* GameViewController.swift */; };
		6042E5D1231D571C002A0E1F /* Main.storyboard in Resources */ = {isa = PBXBuildFile; fileRef = 6042E5CF231D571C002A0E1F /* Main.storyboard */; };
		6042E5D7231D571C002A0E1F /* GameScene.swift in Sources */ = {isa = PBXBuildFile; fileRef = 6042E5B1231D571B002A0E1F /* GameScene.swift */; };
		6042E5D8231D571C002A0E1F /* GameScene.swift in Sources */ = {isa = PBXBuildFile; fileRef = 6042E5B1231D571B002A0E1F /* GameScene.swift */; };
		6042E5D9231D571C002A0E1F /* Assets.xcassets in Resources */ = {isa = PBXBuildFile; fileRef = 6042E5B2231D571C002A0E1F /* Assets.xcassets */; };
		6042E5DA231D571C002A0E1F /* Assets.xcassets in Resources */ = {isa = PBXBuildFile; fileRef = 6042E5B2231D571C002A0E1F /* Assets.xcassets */; };
		6042E5E5231D5853002A0E1F /* README.md in Resources */ = {isa = PBXBuildFile; fileRef = 6042E5E4231D5853002A0E1F /* README.md */; };
/* End PBXBuildFile section */

/* Begin PBXFileReference section */
		601B98E2231D603300333CD0 /* Scene.scnassets */ = {isa = PBXFileReference; lastKnownFileType = wrapper.scnassets; path = Scene.scnassets; sourceTree = "<group>"; };
		6042E5B1231D571B002A0E1F /* GameScene.swift */ = {isa = PBXFileReference; lastKnownFileType = sourcecode.swift; path = GameScene.swift; sourceTree = "<group>"; };
		6042E5B2231D571C002A0E1F /* Assets.xcassets */ = {isa = PBXFileReference; lastKnownFileType = folder.assetcatalog; path = Assets.xcassets; sourceTree = "<group>"; };
		6042E5B7231D571C002A0E1F /* LastPlanet.app */ = {isa = PBXFileReference; explicitFileType = wrapper.application; includeInIndex = 0; path = LastPlanet.app; sourceTree = BUILT_PRODUCTS_DIR; };
		6042E5BA231D571C002A0E1F /* AppDelegate.swift */ = {isa = PBXFileReference; lastKnownFileType = sourcecode.swift; path = AppDelegate.swift; sourceTree = "<group>"; };
		6042E5BC231D571C002A0E1F /* GameViewController.swift */ = {isa = PBXFileReference; lastKnownFileType = sourcecode.swift; path = GameViewController.swift; sourceTree = "<group>"; };
		6042E5BF231D571C002A0E1F /* Base */ = {isa = PBXFileReference; lastKnownFileType = file.storyboard; name = Base; path = Base.lproj/Main.storyboard; sourceTree = "<group>"; };
		6042E5C2231D571C002A0E1F /* Base */ = {isa = PBXFileReference; lastKnownFileType = file.storyboard; name = Base; path = Base.lproj/LaunchScreen.storyboard; sourceTree = "<group>"; };
		6042E5C4231D571C002A0E1F /* Info.plist */ = {isa = PBXFileReference; lastKnownFileType = text.plist.xml; path = Info.plist; sourceTree = "<group>"; };
		6042E5C9231D571C002A0E1F /* LastPlanet.app */ = {isa = PBXFileReference; explicitFileType = wrapper.application; includeInIndex = 0; path = LastPlanet.app; sourceTree = BUILT_PRODUCTS_DIR; };
		6042E5CB231D571C002A0E1F /* AppDelegate.swift */ = {isa = PBXFileReference; lastKnownFileType = sourcecode.swift; path = AppDelegate.swift; sourceTree = "<group>"; };
		6042E5CD231D571C002A0E1F /* GameViewController.swift */ = {isa = PBXFileReference; lastKnownFileType = sourcecode.swift; path = GameViewController.swift; sourceTree = "<group>"; };
		6042E5D0231D571C002A0E1F /* Base */ = {isa = PBXFileReference; lastKnownFileType = file.storyboard; name = Base; path = Base.lproj/Main.storyboard; sourceTree = "<group>"; };
		6042E5D2231D571C002A0E1F /* Info.plist */ = {isa = PBXFileReference; lastKnownFileType = text.plist.xml; path = Info.plist; sourceTree = "<group>"; };
		6042E5E4231D5853002A0E1F /* README.md */ = {isa = PBXFileReference; fileEncoding = 4; lastKnownFileType = net.daringfireball.markdown; path = README.md; sourceTree = "<group>"; };
/* End PBXFileReference section */

/* Begin PBXFrameworksBuildPhase section */
		6042E5B4231D571C002A0E1F /* Frameworks */ = {
			isa = PBXFrameworksBuildPhase;
			buildActionMask = 2147483647;
			files = (
			);
			runOnlyForDeploymentPostprocessing = 0;
		};
		6042E5C6231D571C002A0E1F /* Frameworks */ = {
			isa = PBXFrameworksBuildPhase;
			buildActionMask = 2147483647;
			files = (
			);
			runOnlyForDeploymentPostprocessing = 0;
		};
/* End PBXFrameworksBuildPhase section */

/* Begin PBXGroup section */
		6042E5A9231D571B002A0E1F = {
			isa = PBXGroup;
			children = (
				6042E5E4231D5853002A0E1F /* README.md */,
				6042E5AE231D571B002A0E1F /* LastPlanet Shared */,
				6042E5B9231D571C002A0E1F /* LastPlanet iOS */,
				6042E5CA231D571C002A0E1F /* LastPlanet macOS */,
				6042E5B8231D571C002A0E1F /* Products */,
			);
			sourceTree = "<group>";
		};
		6042E5AE231D571B002A0E1F /* LastPlanet Shared */ = {
			isa = PBXGroup;
			children = (
				6042E5B1231D571B002A0E1F /* GameScene.swift */,
				6042E5B2231D571C002A0E1F /* Assets.xcassets */,
				601B98E2231D603300333CD0 /* Scene.scnassets */,
			);
			path = "LastPlanet Shared";
			sourceTree = "<group>";
		};
		6042E5B8231D571C002A0E1F /* Products */ = {
			isa = PBXGroup;
			children = (
				6042E5B7231D571C002A0E1F /* LastPlanet.app */,
				6042E5C9231D571C002A0E1F /* LastPlanet.app */,
			);
			name = Products;
			sourceTree = "<group>";
		};
		6042E5B9231D571C002A0E1F /* LastPlanet iOS */ = {
			isa = PBXGroup;
			children = (
				6042E5BA231D571C002A0E1F /* AppDelegate.swift */,
				6042E5BC231D571C002A0E1F /* GameViewController.swift */,
				6042E5BE231D571C002A0E1F /* Main.storyboard */,
				6042E5C1231D571C002A0E1F /* LaunchScreen.storyboard */,
				6042E5C4231D571C002A0E1F /* Info.plist */,
			);
			path = "LastPlanet iOS";
			sourceTree = "<group>";
		};
		6042E5CA231D571C002A0E1F /* LastPlanet macOS */ = {
			isa = PBXGroup;
			children = (
				6042E5CB231D571C002A0E1F /* AppDelegate.swift */,
				6042E5CD231D571C002A0E1F /* GameViewController.swift */,
				6042E5CF231D571C002A0E1F /* Main.storyboard */,
				6042E5D2231D571C002A0E1F /* Info.plist */,
			);
			path = "LastPlanet macOS";
			sourceTree = "<group>";
		};
/* End PBXGroup section */

/* Begin PBXNativeTarget section */
		6042E5B6231D571C002A0E1F /* LastPlanet iOS */ = {
			isa = PBXNativeTarget;
			buildConfigurationList = 6042E5DD231D571C002A0E1F /* Build configuration list for PBXNativeTarget "LastPlanet iOS" */;
			buildPhases = (
				6042E5B3231D571C002A0E1F /* Sources */,
				6042E5B4231D571C002A0E1F /* Frameworks */,
				6042E5B5231D571C002A0E1F /* Resources */,
			);
			buildRules = (
			);
			dependencies = (
			);
			name = "LastPlanet iOS";
			productName = "LastPlanet iOS";
			productReference = 6042E5B7231D571C002A0E1F /* LastPlanet.app */;
			productType = "com.apple.product-type.application";
		};
		6042E5C8231D571C002A0E1F /* LastPlanet macOS */ = {
			isa = PBXNativeTarget;
			buildConfigurationList = 6042E5E0231D571C002A0E1F /* Build configuration list for PBXNativeTarget "LastPlanet macOS" */;
			buildPhases = (
				6042E5C5231D571C002A0E1F /* Sources */,
				6042E5C6231D571C002A0E1F /* Frameworks */,
				6042E5C7231D571C002A0E1F /* Resources */,
			);
			buildRules = (
			);
			dependencies = (
			);
			name = "LastPlanet macOS";
			productName = "LastPlanet macOS";
			productReference = 6042E5C9231D571C002A0E1F /* LastPlanet.app */;
			productType = "com.apple.product-type.application";
		};
/* End PBXNativeTarget section */

/* Begin PBXProject section */
		6042E5AA231D571B002A0E1F /* Project object */ = {
			isa = PBXProject;
			attributes = {
				LastSwiftUpdateCheck = 1030;
				LastUpgradeCheck = 1030;
				ORGANIZATIONNAME = haijian;
				TargetAttributes = {
					6042E5B6231D571C002A0E1F = {
						CreatedOnToolsVersion = 10.3;
					};
					6042E5C8231D571C002A0E1F = {
						CreatedOnToolsVersion = 10.3;
					};
				};
			};
			buildConfigurationList = 6042E5AD231D571B002A0E1F /* Build configuration list for PBXProject "LastPlanet" */;
			compatibilityVersion = "Xcode 9.3";
			developmentRegion = en;
			hasScannedForEncodings = 0;
			knownRegions = (
				en,
				Base,
			);
			mainGroup = 6042E5A9231D571B002A0E1F;
			productRefGroup = 6042E5B8231D571C002A0E1F /* Products */;
			projectDirPath = "";
			projectRoot = "";
			targets = (
				6042E5B6231D571C002A0E1F /* LastPlanet iOS */,
				6042E5C8231D571C002A0E1F /* LastPlanet macOS */,
			);
		};
/* End PBXProject section */

/* Begin PBXResourcesBuildPhase section */
		6042E5B5231D571C002A0E1F /* Resources */ = {
			isa = PBXResourcesBuildPhase;
			buildActionMask = 2147483647;
			files = (
				601B98E3231D603300333CD0 /* Scene.scnassets in Resources */,
				6042E5E5231D5853002A0E1F /* README.md in Resources */,
				6042E5C0231D571C002A0E1F /* Main.storyboard in Resources */,
				6042E5C3231D571C002A0E1F /* LaunchScreen.storyboard in Resources */,
				6042E5D9231D571C002A0E1F /* Assets.xcassets in Resources */,
			);
			runOnlyForDeploymentPostprocessing = 0;
		};
		6042E5C7231D571C002A0E1F /* Resources */ = {
			isa = PBXResourcesBuildPhase;
			buildActionMask = 2147483647;
			files = (
				6042E5D1231D571C002A0E1F /* Main.storyboard in Resources */,
				601B98E4231D603300333CD0 /* Scene.scnassets in Resources */,
				6042E5DA231D571C002A0E1F /* Assets.xcassets in Resources */,
			);
			runOnlyForDeploymentPostprocessing = 0;
		};
/* End PBXResourcesBuildPhase section */

/* Begin PBXSourcesBuildPhase section */
		6042E5B3231D571C002A0E1F /* Sources */ = {
			isa = PBXSourcesBuildPhase;
			buildActionMask = 2147483647;
			files = (
				6042E5D7231D571C002A0E1F /* GameScene.swift in Sources */,
				6042E5BD231D571C002A0E1F /* GameViewController.swift in Sources */,
				6042E5BB231D571C002A0E1F /* AppDelegate.swift in Sources */,
			);
			runOnlyForDeploymentPostprocessing = 0;
		};
		6042E5C5231D571C002A0E1F /* Sources */ = {
			isa = PBXSourcesBuildPhase;
			buildActionMask = 2147483647;
			files = (
				6042E5D8231D571C002A0E1F /* GameScene.swift in Sources */,
				6042E5CE231D571C002A0E1F /* GameViewController.swift in Sources */,
				6042E5CC231D571C002A0E1F /* AppDelegate.swift in Sources */,
			);
			runOnlyForDeploymentPostprocessing = 0;
		};
/* End PBXSourcesBuildPhase section */

/* Begin PBXVariantGroup section */
		6042E5BE231D571C002A0E1F /* Main.storyboard */ = {
			isa = PBXVariantGroup;
			children = (
				6042E5BF231D571C002A0E1F /* Base */,
			);
			name = Main.storyboard;
			sourceTree = "<group>";
		};
		6042E5C1231D571C002A0E1F /* LaunchScreen.storyboard */ = {
			isa = PBXVariantGroup;
			children = (
				6042E5C2231D571C002A0E1F /* Base */,
			);
			name = LaunchScreen.storyboard;
			sourceTree = "<group>";
		};
		6042E5CF231D571C002A0E1F /* Main.storyboard */ = {
			isa = PBXVariantGroup;
			children = (
				6042E5D0231D571C002A0E1F /* Base */,
			);
			name = Main.storyboard;
			sourceTree = "<group>";
		};
/* End PBXVariantGroup section */

/* Begin XCBuildConfiguration section */
		6042E5DB231D571C002A0E1F /* Debug */ = {
			isa = XCBuildConfiguration;
			buildSettings = {
				ALWAYS_SEARCH_USER_PATHS = NO;
				CLANG_ANALYZER_NONNULL = YES;
				CLANG_ANALYZER_NUMBER_OBJECT_CONVERSION = YES_AGGRESSIVE;
				CLANG_CXX_LANGUAGE_STANDARD = "gnu++14";
				CLANG_CXX_LIBRARY = "libc++";
				CLANG_ENABLE_MODULES = YES;
				CLANG_ENABLE_OBJC_ARC = YES;
				CLANG_ENABLE_OBJC_WEAK = YES;
				CLANG_WARN_BLOCK_CAPTURE_AUTORELEASING = YES;
				CLANG_WARN_BOOL_CONVERSION = YES;
				CLANG_WARN_COMMA = YES;
				CLANG_WARN_CONSTANT_CONVERSION = YES;
				CLANG_WARN_DEPRECATED_OBJC_IMPLEMENTATIONS = YES;
				CLANG_WARN_DIRECT_OBJC_ISA_USAGE = YES_ERROR;
				CLANG_WARN_DOCUMENTATION_COMMENTS = YES;
				CLANG_WARN_EMPTY_BODY = YES;
				CLANG_WARN_ENUM_CONVERSION = YES;
				CLANG_WARN_INFINITE_RECURSION = YES;
				CLANG_WARN_INT_CONVERSION = YES;
				CLANG_WARN_NON_LITERAL_NULL_CONVERSION = YES;
				CLANG_WARN_OBJC_IMPLICIT_RETAIN_SELF = YES;
				CLANG_WARN_OBJC_LITERAL_CONVERSION = YES;
				CLANG_WARN_OBJC_ROOT_CLASS = YES_ERROR;
				CLANG_WARN_RANGE_LOOP_ANALYSIS = YES;
				CLANG_WARN_STRICT_PROTOTYPES = YES;
				CLANG_WARN_SUSPICIOUS_MOVE = YES;
				CLANG_WARN_UNGUARDED_AVAILABILITY = YES_AGGRESSIVE;
				CLANG_WARN_UNREACHABLE_CODE = YES;
				CLANG_WARN__DUPLICATE_METHOD_MATCH = YES;
				COPY_PHASE_STRIP = NO;
				DEBUG_INFORMATION_FORMAT = dwarf;
				ENABLE_STRICT_OBJC_MSGSEND = YES;
				ENABLE_TESTABILITY = YES;
				GCC_C_LANGUAGE_STANDARD = gnu11;
				GCC_DYNAMIC_NO_PIC = NO;
				GCC_NO_COMMON_BLOCKS = YES;
				GCC_OPTIMIZATION_LEVEL = 0;
				GCC_PREPROCESSOR_DEFINITIONS = (
					"DEBUG=1",
					"$(inherited)",
				);
				GCC_WARN_64_TO_32_BIT_CONVERSION = YES;
				GCC_WARN_ABOUT_RETURN_TYPE = YES_ERROR;
				GCC_WARN_UNDECLARED_SELECTOR = YES;
				GCC_WARN_UNINITIALIZED_AUTOS = YES_AGGRESSIVE;
				GCC_WARN_UNUSED_FUNCTION = YES;
				GCC_WARN_UNUSED_VARIABLE = YES;
				MTL_ENABLE_DEBUG_INFO = INCLUDE_SOURCE;
				MTL_FAST_MATH = YES;
				ONLY_ACTIVE_ARCH = YES;
				SWIFT_ACTIVE_COMPILATION_CONDITIONS = DEBUG;
				SWIFT_OPTIMIZATION_LEVEL = "-Onone";
			};
			name = Debug;
		};
		6042E5DC231D571C002A0E1F /* Release */ = {
			isa = XCBuildConfiguration;
			buildSettings = {
				ALWAYS_SEARCH_USER_PATHS = NO;
				CLANG_ANALYZER_NONNULL = YES;
				CLANG_ANALYZER_NUMBER_OBJECT_CONVERSION = YES_AGGRESSIVE;
				CLANG_CXX_LANGUAGE_STANDARD = "gnu++14";
				CLANG_CXX_LIBRARY = "libc++";
				CLANG_ENABLE_MODULES = YES;
				CLANG_ENABLE_OBJC_ARC = YES;
				CLANG_ENABLE_OBJC_WEAK = YES;
				CLANG_WARN_BLOCK_CAPTURE_AUTORELEASING = YES;
				CLANG_WARN_BOOL_CONVERSION = YES;
				CLANG_WARN_COMMA = YES;
				CLANG_WARN_CONSTANT_CONVERSION = YES;
				CLANG_WARN_DEPRECATED_OBJC_IMPLEMENTATIONS = YES;
				CLANG_WARN_DIRECT_OBJC_ISA_USAGE = YES_ERROR;
				CLANG_WARN_DOCUMENTATION_COMMENTS = YES;
				CLANG_WARN_EMPTY_BODY = YES;
				CLANG_WARN_ENUM_CONVERSION = YES;
				CLANG_WARN_INFINITE_RECURSION = YES;
				CLANG_WARN_INT_CONVERSION = YES;
				CLANG_WARN_NON_LITERAL_NULL_CONVERSION = YES;
				CLANG_WARN_OBJC_IMPLICIT_RETAIN_SELF = YES;
				CLANG_WARN_OBJC_LITERAL_CONVERSION = YES;
				CLANG_WARN_OBJC_ROOT_CLASS = YES_ERROR;
				CLANG_WARN_RANGE_LOOP_ANALYSIS = YES;
				CLANG_WARN_STRICT_PROTOTYPES = YES;
				CLANG_WARN_SUSPICIOUS_MOVE = YES;
				CLANG_WARN_UNGUARDED_AVAILABILITY = YES_AGGRESSIVE;
				CLANG_WARN_UNREACHABLE_CODE = YES;
				CLANG_WARN__DUPLICATE_METHOD_MATCH = YES;
				COPY_PHASE_STRIP = NO;
				DEBUG_INFORMATION_FORMAT = "dwarf-with-dsym";
				ENABLE_NS_ASSERTIONS = NO;
				ENABLE_STRICT_OBJC_MSGSEND = YES;
				GCC_C_LANGUAGE_STANDARD = gnu11;
				GCC_NO_COMMON_BLOCKS = YES;
				GCC_WARN_64_TO_32_BIT_CONVERSION = YES;
				GCC_WARN_ABOUT_RETURN_TYPE = YES_ERROR;
				GCC_WARN_UNDECLARED_SELECTOR = YES;
				GCC_WARN_UNINITIALIZED_AUTOS = YES_AGGRESSIVE;
				GCC_WARN_UNUSED_FUNCTION = YES;
				GCC_WARN_UNUSED_VARIABLE = YES;
				MTL_ENABLE_DEBUG_INFO = NO;
				MTL_FAST_MATH = YES;
				SWIFT_COMPILATION_MODE = wholemodule;
				SWIFT_OPTIMIZATION_LEVEL = "-O";
			};
			name = Release;
		};
		6042E5DE231D571C002A0E1F /* Debug */ = {
			isa = XCBuildConfiguration;
			buildSettings = {
				ASSETCATALOG_COMPILER_APPICON_NAME = AppIcon;
				CODE_SIGN_IDENTITY = "iPhone Developer";
				CODE_SIGN_STYLE = Automatic;
				DEVELOPMENT_TEAM = 4M5A36G82A;
				INFOPLIST_FILE = "LastPlanet iOS/Info.plist";
				IPHONEOS_DEPLOYMENT_TARGET = 12.4;
				LD_RUNPATH_SEARCH_PATHS = (
					"$(inherited)",
					"@executable_path/Frameworks",
				);
				PRODUCT_BUNDLE_IDENTIFIER = haijian.LastPlanet;
				PRODUCT_NAME = LastPlanet;
				SDKROOT = iphoneos;
				SWIFT_VERSION = 5.0;
				TARGETED_DEVICE_FAMILY = "1,2";
			};
			name = Debug;
		};
		6042E5DF231D571C002A0E1F /* Release */ = {
			isa = XCBuildConfiguration;
			buildSettings = {
				ASSETCATALOG_COMPILER_APPICON_NAME = AppIcon;
				CODE_SIGN_IDENTITY = "iPhone Developer";
				CODE_SIGN_STYLE = Automatic;
				DEVELOPMENT_TEAM = 4M5A36G82A;
				INFOPLIST_FILE = "LastPlanet iOS/Info.plist";
				IPHONEOS_DEPLOYMENT_TARGET = 12.4;
				LD_RUNPATH_SEARCH_PATHS = (
					"$(inherited)",
					"@executable_path/Frameworks",
				);
				PRODUCT_BUNDLE_IDENTIFIER = haijian.LastPlanet;
				PRODUCT_NAME = LastPlanet;
				SDKROOT = iphoneos;
				SWIFT_VERSION = 5.0;
				TARGETED_DEVICE_FAMILY = "1,2";
				VALIDATE_PRODUCT = YES;
			};
			name = Release;
		};
		6042E5E1231D571C002A0E1F /* Debug */ = {
			isa = XCBuildConfiguration;
			buildSettings = {
				ASSETCATALOG_COMPILER_APPICON_NAME = AppIcon;
				CODE_SIGN_IDENTITY = "-";
				CODE_SIGN_STYLE = Automatic;
				COMBINE_HIDPI_IMAGES = YES;
				DEVELOPMENT_TEAM = 4M5A36G82A;
				INFOPLIST_FILE = "LastPlanet macOS/Info.plist";
				LD_RUNPATH_SEARCH_PATHS = (
					"$(inherited)",
					"@executable_path/../Frameworks",
				);
				MACOSX_DEPLOYMENT_TARGET = 10.14;
				PRODUCT_BUNDLE_IDENTIFIER = haijian.LastPlanet;
				PRODUCT_NAME = LastPlanet;
				SDKROOT = macosx;
				SWIFT_VERSION = 5.0;
			};
			name = Debug;
		};
		6042E5E2231D571C002A0E1F /* Release */ = {
			isa = XCBuildConfiguration;
			buildSettings = {
				ASSETCATALOG_COMPILER_APPICON_NAME = AppIcon;
				CODE_SIGN_IDENTITY = "-";
				CODE_SIGN_STYLE = Automatic;
				COMBINE_HIDPI_IMAGES = YES;
				DEVELOPMENT_TEAM = 4M5A36G82A;
				INFOPLIST_FILE = "LastPlanet macOS/Info.plist";
				LD_RUNPATH_SEARCH_PATHS = (
					"$(inherited)",
					"@executable_path/../Frameworks",
				);
				MACOSX_DEPLOYMENT_TARGET = 10.14;
				PRODUCT_BUNDLE_IDENTIFIER = haijian.LastPlanet;
				PRODUCT_NAME = LastPlanet;
				SDKROOT = macosx;
				SWIFT_VERSION = 5.0;
			};
			name = Release;
		};
/* End XCBuildConfiguration section */

/* Begin XCConfigurationList section */
		6042E5AD231D571B002A0E1F /* Build configuration list for PBXProject "LastPlanet" */ = {
			isa = XCConfigurationList;
			buildConfigurations = (
				6042E5DB231D571C002A0E1F /* Debug */,
				6042E5DC231D571C002A0E1F /* Release */,
			);
			defaultConfigurationIsVisible = 0;
			defaultConfigurationName = Release;
		};
		6042E5DD231D571C002A0E1F /* Build configuration list for PBXNativeTarget "LastPlanet iOS" */ = {
			isa = XCConfigurationList;
			buildConfigurations = (
				6042E5DE231D571C002A0E1F /* Debug */,
				6042E5DF231D571C002A0E1F /* Release */,
			);
			defaultConfigurationIsVisible = 0;
			defaultConfigurationName = Release;
		};
		6042E5E0231D571C002A0E1F /* Build configuration list for PBXNativeTarget "LastPlanet macOS" */ = {
			isa = XCConfigurationList;
			buildConfigurations = (
				6042E5E1231D571C002A0E1F /* Debug */,
				6042E5E2231D571C002A0E1F /* Release */,
			);
			defaultConfigurationIsVisible = 0;
			defaultConfigurationName = Release;
		};
/* End XCConfigurationList section */
	};
	rootObject = 6042E5AA231D571B002A0E1F /* Project object */;
}
