// !$*UTF8*$!
{
	archiveVersion = 1;
	classes = {
	};
	objectVersion = 51;
	objects = {

/* Begin PBXBuildFile section */
		60169E882324F79000A430E8 /* SceneManager.swift in Sources */ = {isa = PBXBuildFile; fileRef = 60169E872324F79000A430E8 /* SceneManager.swift */; };
		60169E892324F79000A430E8 /* SceneManager.swift in Sources */ = {isa = PBXBuildFile; fileRef = 60169E872324F79000A430E8 /* SceneManager.swift */; };
		60169E8E2324F86600A430E8 /* SceneLoader.swift in Sources */ = {isa = PBXBuildFile; fileRef = 60169E8D2324F86600A430E8 /* SceneLoader.swift */; };
		60169E8F2324F86600A430E8 /* SceneLoader.swift in Sources */ = {isa = PBXBuildFile; fileRef = 60169E8D2324F86600A430E8 /* SceneLoader.swift */; };
		60169E962325148300A430E8 /* SceneLoaderInitialState.swift in Sources */ = {isa = PBXBuildFile; fileRef = 60169E952325148300A430E8 /* SceneLoaderInitialState.swift */; };
		60169E972325148300A430E8 /* SceneLoaderInitialState.swift in Sources */ = {isa = PBXBuildFile; fileRef = 60169E952325148300A430E8 /* SceneLoaderInitialState.swift */; };
		60169E9B23251A0A00A430E8 /* SceneConfiguration.plist in Resources */ = {isa = PBXBuildFile; fileRef = 60169E98232519A000A430E8 /* SceneConfiguration.plist */; };
		60169E9C23251A0B00A430E8 /* SceneConfiguration.plist in Resources */ = {isa = PBXBuildFile; fileRef = 60169E98232519A000A430E8 /* SceneConfiguration.plist */; };
		60169EA6232529F100A430E8 /* SceneMetadata.swift in Sources */ = {isa = PBXBuildFile; fileRef = 60169E8A2324F7DE00A430E8 /* SceneMetadata.swift */; };
		60169EA7232529F100A430E8 /* SceneMetadata.swift in Sources */ = {isa = PBXBuildFile; fileRef = 60169E8A2324F7DE00A430E8 /* SceneMetadata.swift */; };
		60169EAC23254AC500A430E8 /* Scene.swift in Sources */ = {isa = PBXBuildFile; fileRef = 60169EAB23254AC500A430E8 /* Scene.swift */; };
		60169EAD23254AC500A430E8 /* Scene.swift in Sources */ = {isa = PBXBuildFile; fileRef = 60169EAB23254AC500A430E8 /* Scene.swift */; };
		60169EAF23255CF800A430E8 /* SceneLoaderResourcesReadyState.swift in Sources */ = {isa = PBXBuildFile; fileRef = 60169EAE23255CF800A430E8 /* SceneLoaderResourcesReadyState.swift */; };
		60169EB023255CF800A430E8 /* SceneLoaderResourcesReadyState.swift in Sources */ = {isa = PBXBuildFile; fileRef = 60169EAE23255CF800A430E8 /* SceneLoaderResourcesReadyState.swift */; };
		60183584231EB61000A34C27 /* Engine.h in Headers */ = {isa = PBXBuildFile; fileRef = 60183582231EB61000A34C27 /* Engine.h */; settings = {ATTRIBUTES = (Public, ); }; };
		60183587231EB61000A34C27 /* Engine.framework in Frameworks */ = {isa = PBXBuildFile; fileRef = 60183580231EB61000A34C27 /* Engine.framework */; };
		60183588231EB61000A34C27 /* Engine.framework in Embed Frameworks */ = {isa = PBXBuildFile; fileRef = 60183580231EB61000A34C27 /* Engine.framework */; settings = {ATTRIBUTES = (CodeSignOnCopy, RemoveHeadersOnCopy, ); }; };
		60183599231EB65600A34C27 /* Engine.framework in Frameworks */ = {isa = PBXBuildFile; fileRef = 60183592231EB65600A34C27 /* Engine.framework */; };
		6018359A231EB65600A34C27 /* Engine.framework in Embed Frameworks */ = {isa = PBXBuildFile; fileRef = 60183592231EB65600A34C27 /* Engine.framework */; settings = {ATTRIBUTES = (CodeSignOnCopy, RemoveHeadersOnCopy, ); }; };
		6018359E231EB7BF00A34C27 /* Engine.h in Headers */ = {isa = PBXBuildFile; fileRef = 60183582231EB61000A34C27 /* Engine.h */; settings = {ATTRIBUTES = (Public, ); }; };
		6026CA0F232A87890061D7BF /* PlayerComponent.swift in Sources */ = {isa = PBXBuildFile; fileRef = 6026CA0E232A87890061D7BF /* PlayerComponent.swift */; };
		6026CA10232A878A0061D7BF /* PlayerComponent.swift in Sources */ = {isa = PBXBuildFile; fileRef = 6026CA0E232A87890061D7BF /* PlayerComponent.swift */; };
		6026CA16232A8F970061D7BF /* AnimationComponent.swift in Sources */ = {isa = PBXBuildFile; fileRef = 60982E502322B87E00730DA3 /* AnimationComponent.swift */; };
		6026CA17232A8F970061D7BF /* AnimationComponent.swift in Sources */ = {isa = PBXBuildFile; fileRef = 60982E502322B87E00730DA3 /* AnimationComponent.swift */; };
		6042E5BB231D571C002A0E1F /* AppDelegate.swift in Sources */ = {isa = PBXBuildFile; fileRef = 6042E5BA231D571C002A0E1F /* AppDelegate.swift */; };
		6042E5BD231D571C002A0E1F /* GameViewController.swift in Sources */ = {isa = PBXBuildFile; fileRef = 6042E5BC231D571C002A0E1F /* GameViewController.swift */; };
		6042E5C0231D571C002A0E1F /* Main.storyboard in Resources */ = {isa = PBXBuildFile; fileRef = 6042E5BE231D571C002A0E1F /* Main.storyboard */; };
		6042E5C3231D571C002A0E1F /* LaunchScreen.storyboard in Resources */ = {isa = PBXBuildFile; fileRef = 6042E5C1231D571C002A0E1F /* LaunchScreen.storyboard */; };
		6042E5CC231D571C002A0E1F /* AppDelegate.swift in Sources */ = {isa = PBXBuildFile; fileRef = 6042E5CB231D571C002A0E1F /* AppDelegate.swift */; };
		6042E5CE231D571C002A0E1F /* GameViewController.swift in Sources */ = {isa = PBXBuildFile; fileRef = 6042E5CD231D571C002A0E1F /* GameViewController.swift */; };
		6042E5D1231D571C002A0E1F /* Main.storyboard in Resources */ = {isa = PBXBuildFile; fileRef = 6042E5CF231D571C002A0E1F /* Main.storyboard */; };
		6042E5D7231D571C002A0E1F /* GameScene.swift in Sources */ = {isa = PBXBuildFile; fileRef = 6042E5B1231D571B002A0E1F /* GameScene.swift */; };
		6042E5D8231D571C002A0E1F /* GameScene.swift in Sources */ = {isa = PBXBuildFile; fileRef = 6042E5B1231D571B002A0E1F /* GameScene.swift */; };
		6042E5D9231D571C002A0E1F /* Assets.xcassets in Resources */ = {isa = PBXBuildFile; fileRef = 6042E5B2231D571C002A0E1F /* Assets.xcassets */; };
		6042E5DA231D571C002A0E1F /* Assets.xcassets in Resources */ = {isa = PBXBuildFile; fileRef = 6042E5B2231D571C002A0E1F /* Assets.xcassets */; };
		6042E5E5231D5853002A0E1F /* README.md in Resources */ = {isa = PBXBuildFile; fileRef = 6042E5E4231D5853002A0E1F /* README.md */; };
		605A8902231FEF6100F21E73 /* TransformComponent.swift in Sources */ = {isa = PBXBuildFile; fileRef = 605A8900231FEF5C00F21E73 /* TransformComponent.swift */; };
		605A8903231FEF6100F21E73 /* TransformComponent.swift in Sources */ = {isa = PBXBuildFile; fileRef = 605A8900231FEF5C00F21E73 /* TransformComponent.swift */; };
		605A8911231FF6B000F21E73 /* ComponentSystem.swift in Sources */ = {isa = PBXBuildFile; fileRef = 605A8910231FF6B000F21E73 /* ComponentSystem.swift */; };
		605A8912231FF6B000F21E73 /* ComponentSystem.swift in Sources */ = {isa = PBXBuildFile; fileRef = 605A8910231FF6B000F21E73 /* ComponentSystem.swift */; };
		6063F5E52331169B0019EC32 /* keycode.swift in Sources */ = {isa = PBXBuildFile; fileRef = 6063F5E42331169B0019EC32 /* keycode.swift */; };
		607166C1232943560023027A /* TestScene.swift in Sources */ = {isa = PBXBuildFile; fileRef = 607166C0232943560023027A /* TestScene.swift */; };
		607166C2232943C30023027A /* TestScene.swift in Sources */ = {isa = PBXBuildFile; fileRef = 607166C0232943560023027A /* TestScene.swift */; };
		607C6AFF2333BD1200D1AA16 /* PlayerIdleState.swift in Sources */ = {isa = PBXBuildFile; fileRef = 607C6AFE2333BD1200D1AA16 /* PlayerIdleState.swift */; };
		607C6B002333BD1200D1AA16 /* PlayerIdleState.swift in Sources */ = {isa = PBXBuildFile; fileRef = 607C6AFE2333BD1200D1AA16 /* PlayerIdleState.swift */; };
		607C6B052333BFB900D1AA16 /* PlayerRunShootState.swift in Sources */ = {isa = PBXBuildFile; fileRef = 607C6B042333BFB900D1AA16 /* PlayerRunShootState.swift */; };
		607C6B062333BFB900D1AA16 /* PlayerRunShootState.swift in Sources */ = {isa = PBXBuildFile; fileRef = 607C6B042333BFB900D1AA16 /* PlayerRunShootState.swift */; };
		60944BA0232F5AA000A6CE48 /* Updatable.swift in Sources */ = {isa = PBXBuildFile; fileRef = 60944B9F232F5AA000A6CE48 /* Updatable.swift */; };
		60944BA1232F5AA000A6CE48 /* Updatable.swift in Sources */ = {isa = PBXBuildFile; fileRef = 60944B9F232F5AA000A6CE48 /* Updatable.swift */; };
		60A5D6B62326919F000DEB84 /* SceneLoaderResourcesAvailableState.swift in Sources */ = {isa = PBXBuildFile; fileRef = 60A5D6B52326919F000DEB84 /* SceneLoaderResourcesAvailableState.swift */; };
		60A5D6B72326919F000DEB84 /* SceneLoaderResourcesAvailableState.swift in Sources */ = {isa = PBXBuildFile; fileRef = 60A5D6B52326919F000DEB84 /* SceneLoaderResourcesAvailableState.swift */; };
		60A5D6B9232692F2000DEB84 /* SceneLoaderPreparingResourcesState.swift in Sources */ = {isa = PBXBuildFile; fileRef = 60A5D6B8232692F2000DEB84 /* SceneLoaderPreparingResourcesState.swift */; };
		60A5D6BA232692F2000DEB84 /* SceneLoaderPreparingResourcesState.swift in Sources */ = {isa = PBXBuildFile; fileRef = 60A5D6B8232692F2000DEB84 /* SceneLoaderPreparingResourcesState.swift */; };
		60A5D6BC23269550000DEB84 /* ResourceLoadableType.swift in Sources */ = {isa = PBXBuildFile; fileRef = 60A5D6BB23269550000DEB84 /* ResourceLoadableType.swift */; };
		60A5D6BD23269550000DEB84 /* ResourceLoadableType.swift in Sources */ = {isa = PBXBuildFile; fileRef = 60A5D6BB23269550000DEB84 /* ResourceLoadableType.swift */; };
		60A5D6BF23269618000DEB84 /* LoadSceneOperation.swift in Sources */ = {isa = PBXBuildFile; fileRef = 60A5D6BE23269618000DEB84 /* LoadSceneOperation.swift */; };
		60A5D6C023269618000DEB84 /* LoadSceneOperation.swift in Sources */ = {isa = PBXBuildFile; fileRef = 60A5D6BE23269618000DEB84 /* LoadSceneOperation.swift */; };
		60A5D6C22326968F000DEB84 /* SceneOperation.swift in Sources */ = {isa = PBXBuildFile; fileRef = 60A5D6C12326968F000DEB84 /* SceneOperation.swift */; };
		60A5D6C32326968F000DEB84 /* SceneOperation.swift in Sources */ = {isa = PBXBuildFile; fileRef = 60A5D6C12326968F000DEB84 /* SceneOperation.swift */; };
		60A5D6C523269715000DEB84 /* LoadResourcesOperation.swift in Sources */ = {isa = PBXBuildFile; fileRef = 60A5D6C423269715000DEB84 /* LoadResourcesOperation.swift */; };
		60A5D6C623269715000DEB84 /* LoadResourcesOperation.swift in Sources */ = {isa = PBXBuildFile; fileRef = 60A5D6C423269715000DEB84 /* LoadResourcesOperation.swift */; };
		60B6E57A2322C92F007835A3 /* GameScene.sks in Resources */ = {isa = PBXBuildFile; fileRef = 60B6E5782322C92F007835A3 /* GameScene.sks */; };
		60B6E57B2322C92F007835A3 /* GameScene.sks in Resources */ = {isa = PBXBuildFile; fileRef = 60B6E5782322C92F007835A3 /* GameScene.sks */; };
		60B6E57C2322C92F007835A3 /* Actions.sks in Resources */ = {isa = PBXBuildFile; fileRef = 60B6E5792322C92F007835A3 /* Actions.sks */; };
		60B6E57D2322C92F007835A3 /* Actions.sks in Resources */ = {isa = PBXBuildFile; fileRef = 60B6E5792322C92F007835A3 /* Actions.sks */; };
		60B6E57F2322C9A2007835A3 /* TestScene.sks in Resources */ = {isa = PBXBuildFile; fileRef = 60B6E57E2322C9A2007835A3 /* TestScene.sks */; };
		60B6E5802322C9A2007835A3 /* TestScene.sks in Resources */ = {isa = PBXBuildFile; fileRef = 60B6E57E2322C9A2007835A3 /* TestScene.sks */; };
		60B6E5822322C9C4007835A3 /* PlayerActions.sks in Resources */ = {isa = PBXBuildFile; fileRef = 60B6E5812322C9C4007835A3 /* PlayerActions.sks */; };
		60B6E5832322C9C4007835A3 /* PlayerActions.sks in Resources */ = {isa = PBXBuildFile; fileRef = 60B6E5812322C9C4007835A3 /* PlayerActions.sks */; };
		60EE1396232D06A9002462EA /* Input.swift in Sources */ = {isa = PBXBuildFile; fileRef = 60EE1395232D06A9002462EA /* Input.swift */; };
		60EE1397232D06A9002462EA /* Input.swift in Sources */ = {isa = PBXBuildFile; fileRef = 60EE1395232D06A9002462EA /* Input.swift */; };
		60EE13AA232D1225002462EA /* SceneKeyboardEventExtension.swift in Sources */ = {isa = PBXBuildFile; fileRef = 60EE13A8232D1225002462EA /* SceneKeyboardEventExtension.swift */; };
		60FE6BA92327E70900A8DC56 /* SceneLoaderDownloadingResourcesState.swift in Sources */ = {isa = PBXBuildFile; fileRef = 60FE6BA82327E70900A8DC56 /* SceneLoaderDownloadingResourcesState.swift */; };
		60FE6BAB2327E77A00A8DC56 /* SceneLoaderDownloadFailedState.swift in Sources */ = {isa = PBXBuildFile; fileRef = 60FE6BAA2327E77A00A8DC56 /* SceneLoaderDownloadFailedState.swift */; };
		60FE6BAD2327EDBC00A8DC56 /* SceneManagerDelegate.swift in Sources */ = {isa = PBXBuildFile; fileRef = 60FE6BAC2327EDBC00A8DC56 /* SceneManagerDelegate.swift */; };
		60FE6BAE2327EDBC00A8DC56 /* SceneManagerDelegate.swift in Sources */ = {isa = PBXBuildFile; fileRef = 60FE6BAC2327EDBC00A8DC56 /* SceneManagerDelegate.swift */; };
/* End PBXBuildFile section */

/* Begin PBXContainerItemProxy section */
		60183585231EB61000A34C27 /* PBXContainerItemProxy */ = {
			isa = PBXContainerItemProxy;
			containerPortal = 6042E5AA231D571B002A0E1F /* Project object */;
			proxyType = 1;
			remoteGlobalIDString = 6018357F231EB61000A34C27;
			remoteInfo = "Engine iOS";
		};
		60183597231EB65600A34C27 /* PBXContainerItemProxy */ = {
			isa = PBXContainerItemProxy;
			containerPortal = 6042E5AA231D571B002A0E1F /* Project object */;
			proxyType = 1;
			remoteGlobalIDString = 60183591231EB65600A34C27;
			remoteInfo = "Engine macOS";
		};
/* End PBXContainerItemProxy section */

/* Begin PBXCopyFilesBuildPhase section */
		6018358C231EB61000A34C27 /* Embed Frameworks */ = {
			isa = PBXCopyFilesBuildPhase;
			buildActionMask = 2147483647;
			dstPath = "";
			dstSubfolderSpec = 10;
			files = (
				60183588231EB61000A34C27 /* Engine.framework in Embed Frameworks */,
			);
			name = "Embed Frameworks";
			runOnlyForDeploymentPostprocessing = 0;
		};
		60F10360231D704A007BDFA7 /* Embed Frameworks */ = {
			isa = PBXCopyFilesBuildPhase;
			buildActionMask = 2147483647;
			dstPath = "";
			dstSubfolderSpec = 10;
			files = (
				6018359A231EB65600A34C27 /* Engine.framework in Embed Frameworks */,
			);
			name = "Embed Frameworks";
			runOnlyForDeploymentPostprocessing = 0;
		};
/* End PBXCopyFilesBuildPhase section */

/* Begin PBXFileReference section */
		60169E872324F79000A430E8 /* SceneManager.swift */ = {isa = PBXFileReference; lastKnownFileType = sourcecode.swift; path = SceneManager.swift; sourceTree = "<group>"; };
		60169E8A2324F7DE00A430E8 /* SceneMetadata.swift */ = {isa = PBXFileReference; lastKnownFileType = sourcecode.swift; path = SceneMetadata.swift; sourceTree = "<group>"; };
		60169E8D2324F86600A430E8 /* SceneLoader.swift */ = {isa = PBXFileReference; lastKnownFileType = sourcecode.swift; path = SceneLoader.swift; sourceTree = "<group>"; };
		60169E902325042400A430E8 /* GameplayConfiguration.swift */ = {isa = PBXFileReference; lastKnownFileType = sourcecode.swift; path = GameplayConfiguration.swift; sourceTree = "<group>"; };
		60169E952325148300A430E8 /* SceneLoaderInitialState.swift */ = {isa = PBXFileReference; lastKnownFileType = sourcecode.swift; path = SceneLoaderInitialState.swift; sourceTree = "<group>"; };
		60169E98232519A000A430E8 /* SceneConfiguration.plist */ = {isa = PBXFileReference; lastKnownFileType = text.plist.xml; path = SceneConfiguration.plist; sourceTree = "<group>"; };
		60169EAB23254AC500A430E8 /* Scene.swift */ = {isa = PBXFileReference; lastKnownFileType = sourcecode.swift; path = Scene.swift; sourceTree = "<group>"; };
		60169EAE23255CF800A430E8 /* SceneLoaderResourcesReadyState.swift */ = {isa = PBXFileReference; lastKnownFileType = sourcecode.swift; path = SceneLoaderResourcesReadyState.swift; sourceTree = "<group>"; };
		60183580231EB61000A34C27 /* Engine.framework */ = {isa = PBXFileReference; explicitFileType = wrapper.framework; includeInIndex = 0; path = Engine.framework; sourceTree = BUILT_PRODUCTS_DIR; };
		60183582231EB61000A34C27 /* Engine.h */ = {isa = PBXFileReference; lastKnownFileType = sourcecode.c.h; path = Engine.h; sourceTree = "<group>"; };
		60183583231EB61000A34C27 /* Info.plist */ = {isa = PBXFileReference; lastKnownFileType = text.plist.xml; path = Info.plist; sourceTree = "<group>"; };
		60183592231EB65600A34C27 /* Engine.framework */ = {isa = PBXFileReference; explicitFileType = wrapper.framework; includeInIndex = 0; path = Engine.framework; sourceTree = BUILT_PRODUCTS_DIR; };
		6026CA0E232A87890061D7BF /* PlayerComponent.swift */ = {isa = PBXFileReference; lastKnownFileType = sourcecode.swift; path = PlayerComponent.swift; sourceTree = "<group>"; };
		6042E5B1231D571B002A0E1F /* GameScene.swift */ = {isa = PBXFileReference; lastKnownFileType = sourcecode.swift; path = GameScene.swift; sourceTree = "<group>"; };
		6042E5B2231D571C002A0E1F /* Assets.xcassets */ = {isa = PBXFileReference; lastKnownFileType = folder.assetcatalog; path = Assets.xcassets; sourceTree = "<group>"; };
		6042E5B7231D571C002A0E1F /* LastPlanet.app */ = {isa = PBXFileReference; explicitFileType = wrapper.application; includeInIndex = 0; path = LastPlanet.app; sourceTree = BUILT_PRODUCTS_DIR; };
		6042E5BA231D571C002A0E1F /* AppDelegate.swift */ = {isa = PBXFileReference; lastKnownFileType = sourcecode.swift; path = AppDelegate.swift; sourceTree = "<group>"; };
		6042E5BC231D571C002A0E1F /* GameViewController.swift */ = {isa = PBXFileReference; lastKnownFileType = sourcecode.swift; path = GameViewController.swift; sourceTree = "<group>"; };
		6042E5BF231D571C002A0E1F /* Base */ = {isa = PBXFileReference; lastKnownFileType = file.storyboard; name = Base; path = Base.lproj/Main.storyboard; sourceTree = "<group>"; };
		6042E5C2231D571C002A0E1F /* Base */ = {isa = PBXFileReference; lastKnownFileType = file.storyboard; name = Base; path = Base.lproj/LaunchScreen.storyboard; sourceTree = "<group>"; };
		6042E5C4231D571C002A0E1F /* Info.plist */ = {isa = PBXFileReference; lastKnownFileType = text.plist.xml; path = Info.plist; sourceTree = "<group>"; };
		6042E5C9231D571C002A0E1F /* LastPlanet.app */ = {isa = PBXFileReference; explicitFileType = wrapper.application; includeInIndex = 0; path = LastPlanet.app; sourceTree = BUILT_PRODUCTS_DIR; };
		6042E5CB231D571C002A0E1F /* AppDelegate.swift */ = {isa = PBXFileReference; lastKnownFileType = sourcecode.swift; path = AppDelegate.swift; sourceTree = "<group>"; };
		6042E5CD231D571C002A0E1F /* GameViewController.swift */ = {isa = PBXFileReference; lastKnownFileType = sourcecode.swift; path = GameViewController.swift; sourceTree = "<group>"; };
		6042E5D0231D571C002A0E1F /* Base */ = {isa = PBXFileReference; lastKnownFileType = file.storyboard; name = Base; path = Base.lproj/Main.storyboard; sourceTree = "<group>"; };
		6042E5D2231D571C002A0E1F /* Info.plist */ = {isa = PBXFileReference; lastKnownFileType = text.plist.xml; path = Info.plist; sourceTree = "<group>"; };
		6042E5E4231D5853002A0E1F /* README.md */ = {isa = PBXFileReference; fileEncoding = 4; lastKnownFileType = net.daringfireball.markdown; path = README.md; sourceTree = "<group>"; };
		605A8900231FEF5C00F21E73 /* TransformComponent.swift */ = {isa = PBXFileReference; lastKnownFileType = sourcecode.swift; path = TransformComponent.swift; sourceTree = "<group>"; };
		605A8910231FF6B000F21E73 /* ComponentSystem.swift */ = {isa = PBXFileReference; lastKnownFileType = sourcecode.swift; path = ComponentSystem.swift; sourceTree = "<group>"; };
		6063F5E42331169B0019EC32 /* keycode.swift */ = {isa = PBXFileReference; lastKnownFileType = sourcecode.swift; path = keycode.swift; sourceTree = "<group>"; };
		607166C0232943560023027A /* TestScene.swift */ = {isa = PBXFileReference; lastKnownFileType = sourcecode.swift; path = TestScene.swift; sourceTree = "<group>"; };
		607C6AFE2333BD1200D1AA16 /* PlayerIdleState.swift */ = {isa = PBXFileReference; lastKnownFileType = sourcecode.swift; path = PlayerIdleState.swift; sourceTree = "<group>"; };
		607C6B042333BFB900D1AA16 /* PlayerRunShootState.swift */ = {isa = PBXFileReference; lastKnownFileType = sourcecode.swift; path = PlayerRunShootState.swift; sourceTree = "<group>"; };
		60944B9F232F5AA000A6CE48 /* Updatable.swift */ = {isa = PBXFileReference; lastKnownFileType = sourcecode.swift; path = Updatable.swift; sourceTree = "<group>"; };
		60982E502322B87E00730DA3 /* AnimationComponent.swift */ = {isa = PBXFileReference; lastKnownFileType = sourcecode.swift; path = AnimationComponent.swift; sourceTree = "<group>"; };
		60A5D6B52326919F000DEB84 /* SceneLoaderResourcesAvailableState.swift */ = {isa = PBXFileReference; lastKnownFileType = sourcecode.swift; path = SceneLoaderResourcesAvailableState.swift; sourceTree = "<group>"; };
		60A5D6B8232692F2000DEB84 /* SceneLoaderPreparingResourcesState.swift */ = {isa = PBXFileReference; lastKnownFileType = sourcecode.swift; path = SceneLoaderPreparingResourcesState.swift; sourceTree = "<group>"; };
		60A5D6BB23269550000DEB84 /* ResourceLoadableType.swift */ = {isa = PBXFileReference; lastKnownFileType = sourcecode.swift; path = ResourceLoadableType.swift; sourceTree = "<group>"; };
		60A5D6BE23269618000DEB84 /* LoadSceneOperation.swift */ = {isa = PBXFileReference; lastKnownFileType = sourcecode.swift; path = LoadSceneOperation.swift; sourceTree = "<group>"; };
		60A5D6C12326968F000DEB84 /* SceneOperation.swift */ = {isa = PBXFileReference; lastKnownFileType = sourcecode.swift; path = SceneOperation.swift; sourceTree = "<group>"; };
		60A5D6C423269715000DEB84 /* LoadResourcesOperation.swift */ = {isa = PBXFileReference; lastKnownFileType = sourcecode.swift; path = LoadResourcesOperation.swift; sourceTree = "<group>"; };
		60B6E5782322C92F007835A3 /* GameScene.sks */ = {isa = PBXFileReference; lastKnownFileType = file.sks; path = GameScene.sks; sourceTree = "<group>"; };
		60B6E5792322C92F007835A3 /* Actions.sks */ = {isa = PBXFileReference; lastKnownFileType = file.sks; path = Actions.sks; sourceTree = "<group>"; };
		60B6E57E2322C9A2007835A3 /* TestScene.sks */ = {isa = PBXFileReference; lastKnownFileType = file.sks; path = TestScene.sks; sourceTree = "<group>"; };
		60B6E5812322C9C4007835A3 /* PlayerActions.sks */ = {isa = PBXFileReference; lastKnownFileType = file.sks; path = PlayerActions.sks; sourceTree = "<group>"; };
		60EE1395232D06A9002462EA /* Input.swift */ = {isa = PBXFileReference; lastKnownFileType = sourcecode.swift; path = Input.swift; sourceTree = "<group>"; };
		60EE13A8232D1225002462EA /* SceneKeyboardEventExtension.swift */ = {isa = PBXFileReference; lastKnownFileType = sourcecode.swift; path = SceneKeyboardEventExtension.swift; sourceTree = "<group>"; };
		60FE6BA82327E70900A8DC56 /* SceneLoaderDownloadingResourcesState.swift */ = {isa = PBXFileReference; lastKnownFileType = sourcecode.swift; path = SceneLoaderDownloadingResourcesState.swift; sourceTree = "<group>"; };
		60FE6BAA2327E77A00A8DC56 /* SceneLoaderDownloadFailedState.swift */ = {isa = PBXFileReference; lastKnownFileType = sourcecode.swift; path = SceneLoaderDownloadFailedState.swift; sourceTree = "<group>"; };
		60FE6BAC2327EDBC00A8DC56 /* SceneManagerDelegate.swift */ = {isa = PBXFileReference; lastKnownFileType = sourcecode.swift; path = SceneManagerDelegate.swift; sourceTree = "<group>"; };
/* End PBXFileReference section */

/* Begin PBXFrameworksBuildPhase section */
		6018357D231EB61000A34C27 /* Frameworks */ = {
			isa = PBXFrameworksBuildPhase;
			buildActionMask = 2147483647;
			files = (
			);
			runOnlyForDeploymentPostprocessing = 0;
		};
		6018358F231EB65600A34C27 /* Frameworks */ = {
			isa = PBXFrameworksBuildPhase;
			buildActionMask = 2147483647;
			files = (
			);
			runOnlyForDeploymentPostprocessing = 0;
		};
		6042E5B4231D571C002A0E1F /* Frameworks */ = {
			isa = PBXFrameworksBuildPhase;
			buildActionMask = 2147483647;
			files = (
				60183587231EB61000A34C27 /* Engine.framework in Frameworks */,
			);
			runOnlyForDeploymentPostprocessing = 0;
		};
		6042E5C6231D571C002A0E1F /* Frameworks */ = {
			isa = PBXFrameworksBuildPhase;
			buildActionMask = 2147483647;
			files = (
				60183599231EB65600A34C27 /* Engine.framework in Frameworks */,
			);
			runOnlyForDeploymentPostprocessing = 0;
		};
/* End PBXFrameworksBuildPhase section */

/* Begin PBXGroup section */
		60169E862324F76E00A430E8 /* Scene */ = {
			isa = PBXGroup;
			children = (
				60169EAB23254AC500A430E8 /* Scene.swift */,
				60169E8A2324F7DE00A430E8 /* SceneMetadata.swift */,
				60169E872324F79000A430E8 /* SceneManager.swift */,
				60FE6BAC2327EDBC00A8DC56 /* SceneManagerDelegate.swift */,
				60A5D6BB23269550000DEB84 /* ResourceLoadableType.swift */,
				60FE6BAF2327F0A200A8DC56 /* Loader */,
				60FE6BB02327F0CC00A8DC56 /* Task */,
			);
			path = Scene;
			sourceTree = "<group>";
		};
		60183581231EB61000A34C27 /* Engine */ = {
			isa = PBXGroup;
			children = (
				60183582231EB61000A34C27 /* Engine.h */,
				60183583231EB61000A34C27 /* Info.plist */,
				60169E902325042400A430E8 /* GameplayConfiguration.swift */,
				60169E862324F76E00A430E8 /* Scene */,
				60EE13A1232D11C5002462EA /* Input */,
				605A8906231FF27900F21E73 /* Components */,
				607C6B0A2333C2CD00D1AA16 /* Protocols */,
			);
			path = Engine;
			sourceTree = "<group>";
		};
		6042E5A9231D571B002A0E1F = {
			isa = PBXGroup;
			children = (
				6042E5E4231D5853002A0E1F /* README.md */,
				60183581231EB61000A34C27 /* Engine */,
				6042E5AE231D571B002A0E1F /* LastPlanet Shared */,
				6042E5B9231D571C002A0E1F /* LastPlanet iOS */,
				6042E5CA231D571C002A0E1F /* LastPlanet macOS */,
				6042E5B8231D571C002A0E1F /* Products */,
			);
			sourceTree = "<group>";
		};
		6042E5AE231D571B002A0E1F /* LastPlanet Shared */ = {
			isa = PBXGroup;
			children = (
				6042E5B2231D571C002A0E1F /* Assets.xcassets */,
				60B6E5772322C92F007835A3 /* Scenes */,
				60982E4F2322B84200730DA3 /* Components */,
			);
			path = "LastPlanet Shared";
			sourceTree = "<group>";
		};
		6042E5B8231D571C002A0E1F /* Products */ = {
			isa = PBXGroup;
			children = (
				6042E5B7231D571C002A0E1F /* LastPlanet.app */,
				6042E5C9231D571C002A0E1F /* LastPlanet.app */,
				60183580231EB61000A34C27 /* Engine.framework */,
				60183592231EB65600A34C27 /* Engine.framework */,
			);
			name = Products;
			sourceTree = "<group>";
		};
		6042E5B9231D571C002A0E1F /* LastPlanet iOS */ = {
			isa = PBXGroup;
			children = (
				6042E5BA231D571C002A0E1F /* AppDelegate.swift */,
				6042E5BC231D571C002A0E1F /* GameViewController.swift */,
				6042E5BE231D571C002A0E1F /* Main.storyboard */,
				6042E5C1231D571C002A0E1F /* LaunchScreen.storyboard */,
				6042E5C4231D571C002A0E1F /* Info.plist */,
			);
			path = "LastPlanet iOS";
			sourceTree = "<group>";
		};
		6042E5CA231D571C002A0E1F /* LastPlanet macOS */ = {
			isa = PBXGroup;
			children = (
				6042E5CB231D571C002A0E1F /* AppDelegate.swift */,
				6042E5CD231D571C002A0E1F /* GameViewController.swift */,
				6042E5CF231D571C002A0E1F /* Main.storyboard */,
				6042E5D2231D571C002A0E1F /* Info.plist */,
			);
			path = "LastPlanet macOS";
			sourceTree = "<group>";
		};
		605A8906231FF27900F21E73 /* Components */ = {
			isa = PBXGroup;
			children = (
				605A8910231FF6B000F21E73 /* ComponentSystem.swift */,
				605A8900231FEF5C00F21E73 /* TransformComponent.swift */,
				60982E502322B87E00730DA3 /* AnimationComponent.swift */,
			);
			path = Components;
			sourceTree = "<group>";
		};
		607C6B0A2333C2CD00D1AA16 /* Protocols */ = {
			isa = PBXGroup;
			children = (
				60944B9F232F5AA000A6CE48 /* Updatable.swift */,
			);
			path = Protocols;
			sourceTree = "<group>";
		};
		60982E4F2322B84200730DA3 /* Components */ = {
			isa = PBXGroup;
			children = (
				6026CA0E232A87890061D7BF /* PlayerComponent.swift */,
				607C6AFE2333BD1200D1AA16 /* PlayerIdleState.swift */,
				607C6B042333BFB900D1AA16 /* PlayerRunShootState.swift */,
			);
			path = Components;
			sourceTree = "<group>";
		};
		60B6E5772322C92F007835A3 /* Scenes */ = {
			isa = PBXGroup;
			children = (
				60169E98232519A000A430E8 /* SceneConfiguration.plist */,
				6042E5B1231D571B002A0E1F /* GameScene.swift */,
				60B6E5782322C92F007835A3 /* GameScene.sks */,
				60B6E5792322C92F007835A3 /* Actions.sks */,
				607166C0232943560023027A /* TestScene.swift */,
				60B6E57E2322C9A2007835A3 /* TestScene.sks */,
				60B6E5812322C9C4007835A3 /* PlayerActions.sks */,
			);
			path = Scenes;
			sourceTree = "<group>";
		};
		60EE13A1232D11C5002462EA /* Input */ = {
			isa = PBXGroup;
			children = (
				60EE1395232D06A9002462EA /* Input.swift */,
				6063F5E42331169B0019EC32 /* keycode.swift */,
				60EE13A8232D1225002462EA /* SceneKeyboardEventExtension.swift */,
			);
			path = Input;
			sourceTree = "<group>";
		};
		60FE6BAF2327F0A200A8DC56 /* Loader */ = {
			isa = PBXGroup;
			children = (
				60169E8D2324F86600A430E8 /* SceneLoader.swift */,
				60169E952325148300A430E8 /* SceneLoaderInitialState.swift */,
				60FE6BA82327E70900A8DC56 /* SceneLoaderDownloadingResourcesState.swift */,
				60FE6BAA2327E77A00A8DC56 /* SceneLoaderDownloadFailedState.swift */,
				60A5D6B8232692F2000DEB84 /* SceneLoaderPreparingResourcesState.swift */,
				60A5D6B52326919F000DEB84 /* SceneLoaderResourcesAvailableState.swift */,
				60169EAE23255CF800A430E8 /* SceneLoaderResourcesReadyState.swift */,
			);
			path = Loader;
			sourceTree = "<group>";
		};
		60FE6BB02327F0CC00A8DC56 /* Task */ = {
			isa = PBXGroup;
			children = (
				60A5D6C12326968F000DEB84 /* SceneOperation.swift */,
				60A5D6BE23269618000DEB84 /* LoadSceneOperation.swift */,
				60A5D6C423269715000DEB84 /* LoadResourcesOperation.swift */,
			);
			path = Task;
			sourceTree = "<group>";
		};
/* End PBXGroup section */

/* Begin PBXHeadersBuildPhase section */
		6018357B231EB61000A34C27 /* Headers */ = {
			isa = PBXHeadersBuildPhase;
			buildActionMask = 2147483647;
			files = (
				60183584231EB61000A34C27 /* Engine.h in Headers */,
			);
			runOnlyForDeploymentPostprocessing = 0;
		};
		6018358D231EB65600A34C27 /* Headers */ = {
			isa = PBXHeadersBuildPhase;
			buildActionMask = 2147483647;
			files = (
				6018359E231EB7BF00A34C27 /* Engine.h in Headers */,
			);
			runOnlyForDeploymentPostprocessing = 0;
		};
/* End PBXHeadersBuildPhase section */

/* Begin PBXNativeTarget section */
		6018357F231EB61000A34C27 /* Engine iOS */ = {
			isa = PBXNativeTarget;
			buildConfigurationList = 60183589231EB61000A34C27 /* Build configuration list for PBXNativeTarget "Engine iOS" */;
			buildPhases = (
				6018357B231EB61000A34C27 /* Headers */,
				6018357C231EB61000A34C27 /* Sources */,
				6018357D231EB61000A34C27 /* Frameworks */,
				6018357E231EB61000A34C27 /* Resources */,
			);
			buildRules = (
			);
			dependencies = (
			);
			name = "Engine iOS";
			productName = "Engine iOS";
			productReference = 60183580231EB61000A34C27 /* Engine.framework */;
			productType = "com.apple.product-type.framework";
		};
		60183591231EB65600A34C27 /* Engine macOS */ = {
			isa = PBXNativeTarget;
			buildConfigurationList = 6018359B231EB65600A34C27 /* Build configuration list for PBXNativeTarget "Engine macOS" */;
			buildPhases = (
				6018358D231EB65600A34C27 /* Headers */,
				6018358E231EB65600A34C27 /* Sources */,
				6018358F231EB65600A34C27 /* Frameworks */,
				60183590231EB65600A34C27 /* Resources */,
			);
			buildRules = (
			);
			dependencies = (
			);
			name = "Engine macOS";
			productName = "Engine macOS";
			productReference = 60183592231EB65600A34C27 /* Engine.framework */;
			productType = "com.apple.product-type.framework";
		};
		6042E5B6231D571C002A0E1F /* LastPlanet iOS */ = {
			isa = PBXNativeTarget;
			buildConfigurationList = 6042E5DD231D571C002A0E1F /* Build configuration list for PBXNativeTarget "LastPlanet iOS" */;
			buildPhases = (
				6042E5B3231D571C002A0E1F /* Sources */,
				6042E5B4231D571C002A0E1F /* Frameworks */,
				6042E5B5231D571C002A0E1F /* Resources */,
				6018358C231EB61000A34C27 /* Embed Frameworks */,
			);
			buildRules = (
			);
			dependencies = (
				60183586231EB61000A34C27 /* PBXTargetDependency */,
			);
			name = "LastPlanet iOS";
			productName = "LastPlanet iOS";
			productReference = 6042E5B7231D571C002A0E1F /* LastPlanet.app */;
			productType = "com.apple.product-type.application";
		};
		6042E5C8231D571C002A0E1F /* LastPlanet macOS */ = {
			isa = PBXNativeTarget;
			buildConfigurationList = 6042E5E0231D571C002A0E1F /* Build configuration list for PBXNativeTarget "LastPlanet macOS" */;
			buildPhases = (
				6042E5C5231D571C002A0E1F /* Sources */,
				6042E5C6231D571C002A0E1F /* Frameworks */,
				6042E5C7231D571C002A0E1F /* Resources */,
				60F10360231D704A007BDFA7 /* Embed Frameworks */,
			);
			buildRules = (
			);
			dependencies = (
				60183598231EB65600A34C27 /* PBXTargetDependency */,
			);
			name = "LastPlanet macOS";
			productName = "LastPlanet macOS";
			productReference = 6042E5C9231D571C002A0E1F /* LastPlanet.app */;
			productType = "com.apple.product-type.application";
		};
/* End PBXNativeTarget section */

/* Begin PBXProject section */
		6042E5AA231D571B002A0E1F /* Project object */ = {
			isa = PBXProject;
			attributes = {
				LastSwiftUpdateCheck = 1030;
				LastUpgradeCheck = 1030;
				ORGANIZATIONNAME = haijian;
				TargetAttributes = {
					6018357F231EB61000A34C27 = {
						CreatedOnToolsVersion = 10.3;
						LastSwiftMigration = 1030;
					};
					60183591231EB65600A34C27 = {
						CreatedOnToolsVersion = 10.3;
						LastSwiftMigration = 1030;
					};
					6042E5B6231D571C002A0E1F = {
						CreatedOnToolsVersion = 10.3;
					};
					6042E5C8231D571C002A0E1F = {
						CreatedOnToolsVersion = 10.3;
					};
				};
			};
			buildConfigurationList = 6042E5AD231D571B002A0E1F /* Build configuration list for PBXProject "LastPlanet" */;
			compatibilityVersion = "Xcode 10.0";
			developmentRegion = en;
			hasScannedForEncodings = 0;
			knownRegions = (
				en,
				Base,
			);
			mainGroup = 6042E5A9231D571B002A0E1F;
			productRefGroup = 6042E5B8231D571C002A0E1F /* Products */;
			projectDirPath = "";
			projectRoot = "";
			targets = (
				6042E5B6231D571C002A0E1F /* LastPlanet iOS */,
				6042E5C8231D571C002A0E1F /* LastPlanet macOS */,
				6018357F231EB61000A34C27 /* Engine iOS */,
				60183591231EB65600A34C27 /* Engine macOS */,
			);
		};
/* End PBXProject section */

/* Begin PBXResourcesBuildPhase section */
		6018357E231EB61000A34C27 /* Resources */ = {
			isa = PBXResourcesBuildPhase;
			buildActionMask = 2147483647;
			files = (
			);
			runOnlyForDeploymentPostprocessing = 0;
		};
		60183590231EB65600A34C27 /* Resources */ = {
			isa = PBXResourcesBuildPhase;
			buildActionMask = 2147483647;
			files = (
			);
			runOnlyForDeploymentPostprocessing = 0;
		};
		6042E5B5231D571C002A0E1F /* Resources */ = {
			isa = PBXResourcesBuildPhase;
			buildActionMask = 2147483647;
			files = (
				6042E5E5231D5853002A0E1F /* README.md in Resources */,
				60B6E57C2322C92F007835A3 /* Actions.sks in Resources */,
				60169E9B23251A0A00A430E8 /* SceneConfiguration.plist in Resources */,
				60B6E57A2322C92F007835A3 /* GameScene.sks in Resources */,
				60B6E57F2322C9A2007835A3 /* TestScene.sks in Resources */,
				6042E5C0231D571C002A0E1F /* Main.storyboard in Resources */,
				6042E5C3231D571C002A0E1F /* LaunchScreen.storyboard in Resources */,
				60B6E5822322C9C4007835A3 /* PlayerActions.sks in Resources */,
				6042E5D9231D571C002A0E1F /* Assets.xcassets in Resources */,
			);
			runOnlyForDeploymentPostprocessing = 0;
		};
		6042E5C7231D571C002A0E1F /* Resources */ = {
			isa = PBXResourcesBuildPhase;
			buildActionMask = 2147483647;
			files = (
				60169E9C23251A0B00A430E8 /* SceneConfiguration.plist in Resources */,
				6042E5D1231D571C002A0E1F /* Main.storyboard in Resources */,
				60B6E57B2322C92F007835A3 /* GameScene.sks in Resources */,
				6042E5DA231D571C002A0E1F /* Assets.xcassets in Resources */,
				60B6E5802322C9A2007835A3 /* TestScene.sks in Resources */,
				60B6E5832322C9C4007835A3 /* PlayerActions.sks in Resources */,
				60B6E57D2322C92F007835A3 /* Actions.sks in Resources */,
			);
			runOnlyForDeploymentPostprocessing = 0;
		};
/* End PBXResourcesBuildPhase section */

/* Begin PBXSourcesBuildPhase section */
		6018357C231EB61000A34C27 /* Sources */ = {
			isa = PBXSourcesBuildPhase;
			buildActionMask = 2147483647;
			files = (
				60A5D6C22326968F000DEB84 /* SceneOperation.swift in Sources */,
				60944BA0232F5AA000A6CE48 /* Updatable.swift in Sources */,
				60FE6BAD2327EDBC00A8DC56 /* SceneManagerDelegate.swift in Sources */,
				60FE6BA92327E70900A8DC56 /* SceneLoaderDownloadingResourcesState.swift in Sources */,
				60FE6BAB2327E77A00A8DC56 /* SceneLoaderDownloadFailedState.swift in Sources */,
				60169EAC23254AC500A430E8 /* Scene.swift in Sources */,
				60169EAF23255CF800A430E8 /* SceneLoaderResourcesReadyState.swift in Sources */,
				60A5D6BC23269550000DEB84 /* ResourceLoadableType.swift in Sources */,
				60169EA6232529F100A430E8 /* SceneMetadata.swift in Sources */,
				6026CA17232A8F970061D7BF /* AnimationComponent.swift in Sources */,
				60A5D6C523269715000DEB84 /* LoadResourcesOperation.swift in Sources */,
				60169E8E2324F86600A430E8 /* SceneLoader.swift in Sources */,
				60A5D6B62326919F000DEB84 /* SceneLoaderResourcesAvailableState.swift in Sources */,
				60A5D6BF23269618000DEB84 /* LoadSceneOperation.swift in Sources */,
				605A8911231FF6B000F21E73 /* ComponentSystem.swift in Sources */,
				60EE1396232D06A9002462EA /* Input.swift in Sources */,
				60A5D6B9232692F2000DEB84 /* SceneLoaderPreparingResourcesState.swift in Sources */,
				60169E962325148300A430E8 /* SceneLoaderInitialState.swift in Sources */,
				60169E882324F79000A430E8 /* SceneManager.swift in Sources */,
				605A8902231FEF6100F21E73 /* TransformComponent.swift in Sources */,
			);
			runOnlyForDeploymentPostprocessing = 0;
		};
		6018358E231EB65600A34C27 /* Sources */ = {
			isa = PBXSourcesBuildPhase;
			buildActionMask = 2147483647;
			files = (
				60A5D6C32326968F000DEB84 /* SceneOperation.swift in Sources */,
				60169EAD23254AC500A430E8 /* Scene.swift in Sources */,
				60FE6BAE2327EDBC00A8DC56 /* SceneManagerDelegate.swift in Sources */,
				6026CA16232A8F970061D7BF /* AnimationComponent.swift in Sources */,
				60169EB023255CF800A430E8 /* SceneLoaderResourcesReadyState.swift in Sources */,
				60A5D6BD23269550000DEB84 /* ResourceLoadableType.swift in Sources */,
				6063F5E52331169B0019EC32 /* keycode.swift in Sources */,
				60EE13AA232D1225002462EA /* SceneKeyboardEventExtension.swift in Sources */,
				60169EA7232529F100A430E8 /* SceneMetadata.swift in Sources */,
				60A5D6C623269715000DEB84 /* LoadResourcesOperation.swift in Sources */,
				60169E8F2324F86600A430E8 /* SceneLoader.swift in Sources */,
				60A5D6B72326919F000DEB84 /* SceneLoaderResourcesAvailableState.swift in Sources */,
				60A5D6C023269618000DEB84 /* LoadSceneOperation.swift in Sources */,
				605A8912231FF6B000F21E73 /* ComponentSystem.swift in Sources */,
				60A5D6BA232692F2000DEB84 /* SceneLoaderPreparingResourcesState.swift in Sources */,
				60944BA1232F5AA000A6CE48 /* Updatable.swift in Sources */,
				60169E972325148300A430E8 /* SceneLoaderInitialState.swift in Sources */,
				60169E892324F79000A430E8 /* SceneManager.swift in Sources */,
				60EE1397232D06A9002462EA /* Input.swift in Sources */,
				605A8903231FEF6100F21E73 /* TransformComponent.swift in Sources */,
			);
			runOnlyForDeploymentPostprocessing = 0;
		};
		6042E5B3231D571C002A0E1F /* Sources */ = {
			isa = PBXSourcesBuildPhase;
			buildActionMask = 2147483647;
			files = (
				6042E5D7231D571C002A0E1F /* GameScene.swift in Sources */,
				6042E5BD231D571C002A0E1F /* GameViewController.swift in Sources */,
				607C6AFF2333BD1200D1AA16 /* PlayerIdleState.swift in Sources */,
				607166C1232943560023027A /* TestScene.swift in Sources */,
				607C6B052333BFB900D1AA16 /* PlayerRunShootState.swift in Sources */,
				6026CA0F232A87890061D7BF /* PlayerComponent.swift in Sources */,
				6042E5BB231D571C002A0E1F /* AppDelegate.swift in Sources */,
			);
			runOnlyForDeploymentPostprocessing = 0;
		};
		6042E5C5231D571C002A0E1F /* Sources */ = {
			isa = PBXSourcesBuildPhase;
			buildActionMask = 2147483647;
			files = (
				6042E5D8231D571C002A0E1F /* GameScene.swift in Sources */,
				6042E5CE231D571C002A0E1F /* GameViewController.swift in Sources */,
				607C6B002333BD1200D1AA16 /* PlayerIdleState.swift in Sources */,
				607166C2232943C30023027A /* TestScene.swift in Sources */,
				607C6B062333BFB900D1AA16 /* PlayerRunShootState.swift in Sources */,
				6026CA10232A878A0061D7BF /* PlayerComponent.swift in Sources */,
				6042E5CC231D571C002A0E1F /* AppDelegate.swift in Sources */,
			);
			runOnlyForDeploymentPostprocessing = 0;
		};
/* End PBXSourcesBuildPhase section */

/* Begin PBXTargetDependency section */
		60183586231EB61000A34C27 /* PBXTargetDependency */ = {
			isa = PBXTargetDependency;
			target = 6018357F231EB61000A34C27 /* Engine iOS */;
			targetProxy = 60183585231EB61000A34C27 /* PBXContainerItemProxy */;
		};
		60183598231EB65600A34C27 /* PBXTargetDependency */ = {
			isa = PBXTargetDependency;
			target = 60183591231EB65600A34C27 /* Engine macOS */;
			targetProxy = 60183597231EB65600A34C27 /* PBXContainerItemProxy */;
		};
/* End PBXTargetDependency section */

/* Begin PBXVariantGroup section */
		6042E5BE231D571C002A0E1F /* Main.storyboard */ = {
			isa = PBXVariantGroup;
			children = (
				6042E5BF231D571C002A0E1F /* Base */,
			);
			name = Main.storyboard;
			sourceTree = "<group>";
		};
		6042E5C1231D571C002A0E1F /* LaunchScreen.storyboard */ = {
			isa = PBXVariantGroup;
			children = (
				6042E5C2231D571C002A0E1F /* Base */,
			);
			name = LaunchScreen.storyboard;
			sourceTree = "<group>";
		};
		6042E5CF231D571C002A0E1F /* Main.storyboard */ = {
			isa = PBXVariantGroup;
			children = (
				6042E5D0231D571C002A0E1F /* Base */,
			);
			name = Main.storyboard;
			sourceTree = "<group>";
		};
/* End PBXVariantGroup section */

/* Begin XCBuildConfiguration section */
		6018358A231EB61000A34C27 /* Debug */ = {
			isa = XCBuildConfiguration;
			buildSettings = {
				CLANG_ENABLE_MODULES = YES;
				CODE_SIGN_IDENTITY = "iPhone Developer";
				CODE_SIGN_STYLE = Automatic;
				CURRENT_PROJECT_VERSION = 1;
				DEFINES_MODULE = YES;
				DEVELOPMENT_TEAM = 4M5A36G82A;
				DYLIB_COMPATIBILITY_VERSION = 1;
				DYLIB_CURRENT_VERSION = 1;
				DYLIB_INSTALL_NAME_BASE = "@rpath";
				INFOPLIST_FILE = Engine/Info.plist;
				INSTALL_PATH = "$(LOCAL_LIBRARY_DIR)/Frameworks";
				IPHONEOS_DEPLOYMENT_TARGET = 12.4;
				LD_RUNPATH_SEARCH_PATHS = (
					"$(inherited)",
					"@executable_path/Frameworks",
					"@loader_path/Frameworks",
				);
				PRODUCT_BUNDLE_IDENTIFIER = haijian.Engine;
				PRODUCT_NAME = Engine;
				SDKROOT = iphoneos;
				SKIP_INSTALL = YES;
				SWIFT_OPTIMIZATION_LEVEL = "-Onone";
				SWIFT_VERSION = 5.0;
				TARGETED_DEVICE_FAMILY = "1,2";
				VERSIONING_SYSTEM = "apple-generic";
				VERSION_INFO_PREFIX = "";
			};
			name = Debug;
		};
		6018358B231EB61000A34C27 /* Release */ = {
			isa = XCBuildConfiguration;
			buildSettings = {
				CLANG_ENABLE_MODULES = YES;
				CODE_SIGN_IDENTITY = "iPhone Developer";
				CODE_SIGN_STYLE = Automatic;
				CURRENT_PROJECT_VERSION = 1;
				DEFINES_MODULE = YES;
				DEVELOPMENT_TEAM = 4M5A36G82A;
				DYLIB_COMPATIBILITY_VERSION = 1;
				DYLIB_CURRENT_VERSION = 1;
				DYLIB_INSTALL_NAME_BASE = "@rpath";
				INFOPLIST_FILE = Engine/Info.plist;
				INSTALL_PATH = "$(LOCAL_LIBRARY_DIR)/Frameworks";
				IPHONEOS_DEPLOYMENT_TARGET = 12.4;
				LD_RUNPATH_SEARCH_PATHS = (
					"$(inherited)",
					"@executable_path/Frameworks",
					"@loader_path/Frameworks",
				);
				PRODUCT_BUNDLE_IDENTIFIER = haijian.Engine;
				PRODUCT_NAME = Engine;
				SDKROOT = iphoneos;
				SKIP_INSTALL = YES;
				SWIFT_VERSION = 5.0;
				TARGETED_DEVICE_FAMILY = "1,2";
				VALIDATE_PRODUCT = YES;
				VERSIONING_SYSTEM = "apple-generic";
				VERSION_INFO_PREFIX = "";
			};
			name = Release;
		};
		6018359C231EB65600A34C27 /* Debug */ = {
			isa = XCBuildConfiguration;
			buildSettings = {
				CLANG_ENABLE_MODULES = YES;
				CODE_SIGN_IDENTITY = "Mac Developer";
				CODE_SIGN_STYLE = Automatic;
				COMBINE_HIDPI_IMAGES = YES;
				CURRENT_PROJECT_VERSION = 1;
				DEFINES_MODULE = YES;
				DEVELOPMENT_TEAM = 4M5A36G82A;
				DYLIB_COMPATIBILITY_VERSION = 1;
				DYLIB_CURRENT_VERSION = 1;
				DYLIB_INSTALL_NAME_BASE = "@rpath";
				FRAMEWORK_VERSION = A;
				INFOPLIST_FILE = Engine/Info.plist;
				INSTALL_PATH = "$(LOCAL_LIBRARY_DIR)/Frameworks";
				LD_RUNPATH_SEARCH_PATHS = (
					"$(inherited)",
					"@executable_path/../Frameworks",
					"@loader_path/Frameworks",
				);
				MACOSX_DEPLOYMENT_TARGET = 10.14;
				PRODUCT_BUNDLE_IDENTIFIER = haijian.Engine;
				PRODUCT_NAME = Engine;
				SDKROOT = macosx;
				SKIP_INSTALL = YES;
				SWIFT_OPTIMIZATION_LEVEL = "-Onone";
				SWIFT_VERSION = 5.0;
				VERSIONING_SYSTEM = "apple-generic";
				VERSION_INFO_PREFIX = "";
			};
			name = Debug;
		};
		6018359D231EB65600A34C27 /* Release */ = {
			isa = XCBuildConfiguration;
			buildSettings = {
				CLANG_ENABLE_MODULES = YES;
				CODE_SIGN_IDENTITY = "Mac Developer";
				CODE_SIGN_STYLE = Automatic;
				COMBINE_HIDPI_IMAGES = YES;
				CURRENT_PROJECT_VERSION = 1;
				DEFINES_MODULE = YES;
				DEVELOPMENT_TEAM = 4M5A36G82A;
				DYLIB_COMPATIBILITY_VERSION = 1;
				DYLIB_CURRENT_VERSION = 1;
				DYLIB_INSTALL_NAME_BASE = "@rpath";
				FRAMEWORK_VERSION = A;
				INFOPLIST_FILE = Engine/Info.plist;
				INSTALL_PATH = "$(LOCAL_LIBRARY_DIR)/Frameworks";
				LD_RUNPATH_SEARCH_PATHS = (
					"$(inherited)",
					"@executable_path/../Frameworks",
					"@loader_path/Frameworks",
				);
				MACOSX_DEPLOYMENT_TARGET = 10.14;
				PRODUCT_BUNDLE_IDENTIFIER = haijian.Engine;
				PRODUCT_NAME = Engine;
				SDKROOT = macosx;
				SKIP_INSTALL = YES;
				SWIFT_VERSION = 5.0;
				VERSIONING_SYSTEM = "apple-generic";
				VERSION_INFO_PREFIX = "";
			};
			name = Release;
		};
		6042E5DB231D571C002A0E1F /* Debug */ = {
			isa = XCBuildConfiguration;
			buildSettings = {
				ALWAYS_SEARCH_USER_PATHS = NO;
				CLANG_ANALYZER_NONNULL = YES;
				CLANG_ANALYZER_NUMBER_OBJECT_CONVERSION = YES_AGGRESSIVE;
				CLANG_CXX_LANGUAGE_STANDARD = "gnu++14";
				CLANG_CXX_LIBRARY = "libc++";
				CLANG_ENABLE_MODULES = YES;
				CLANG_ENABLE_OBJC_ARC = YES;
				CLANG_ENABLE_OBJC_WEAK = YES;
				CLANG_WARN_BLOCK_CAPTURE_AUTORELEASING = YES;
				CLANG_WARN_BOOL_CONVERSION = YES;
				CLANG_WARN_COMMA = YES;
				CLANG_WARN_CONSTANT_CONVERSION = YES;
				CLANG_WARN_DEPRECATED_OBJC_IMPLEMENTATIONS = YES;
				CLANG_WARN_DIRECT_OBJC_ISA_USAGE = YES_ERROR;
				CLANG_WARN_DOCUMENTATION_COMMENTS = YES;
				CLANG_WARN_EMPTY_BODY = YES;
				CLANG_WARN_ENUM_CONVERSION = YES;
				CLANG_WARN_INFINITE_RECURSION = YES;
				CLANG_WARN_INT_CONVERSION = YES;
				CLANG_WARN_NON_LITERAL_NULL_CONVERSION = YES;
				CLANG_WARN_OBJC_IMPLICIT_RETAIN_SELF = YES;
				CLANG_WARN_OBJC_LITERAL_CONVERSION = YES;
				CLANG_WARN_OBJC_ROOT_CLASS = YES_ERROR;
				CLANG_WARN_RANGE_LOOP_ANALYSIS = YES;
				CLANG_WARN_STRICT_PROTOTYPES = YES;
				CLANG_WARN_SUSPICIOUS_MOVE = YES;
				CLANG_WARN_UNGUARDED_AVAILABILITY = YES_AGGRESSIVE;
				CLANG_WARN_UNREACHABLE_CODE = YES;
				CLANG_WARN__DUPLICATE_METHOD_MATCH = YES;
				COPY_PHASE_STRIP = NO;
				DEBUG_INFORMATION_FORMAT = dwarf;
				ENABLE_STRICT_OBJC_MSGSEND = YES;
				ENABLE_TESTABILITY = YES;
				GCC_C_LANGUAGE_STANDARD = gnu11;
				GCC_DYNAMIC_NO_PIC = NO;
				GCC_NO_COMMON_BLOCKS = YES;
				GCC_OPTIMIZATION_LEVEL = 0;
				GCC_PREPROCESSOR_DEFINITIONS = (
					"DEBUG=1",
					"$(inherited)",
				);
				GCC_WARN_64_TO_32_BIT_CONVERSION = YES;
				GCC_WARN_ABOUT_RETURN_TYPE = YES_ERROR;
				GCC_WARN_UNDECLARED_SELECTOR = YES;
				GCC_WARN_UNINITIALIZED_AUTOS = YES_AGGRESSIVE;
				GCC_WARN_UNUSED_FUNCTION = YES;
				GCC_WARN_UNUSED_VARIABLE = YES;
				MTL_ENABLE_DEBUG_INFO = INCLUDE_SOURCE;
				MTL_FAST_MATH = YES;
				ONLY_ACTIVE_ARCH = YES;
				SWIFT_ACTIVE_COMPILATION_CONDITIONS = DEBUG;
				SWIFT_OPTIMIZATION_LEVEL = "-Onone";
			};
			name = Debug;
		};
		6042E5DC231D571C002A0E1F /* Release */ = {
			isa = XCBuildConfiguration;
			buildSettings = {
				ALWAYS_SEARCH_USER_PATHS = NO;
				CLANG_ANALYZER_NONNULL = YES;
				CLANG_ANALYZER_NUMBER_OBJECT_CONVERSION = YES_AGGRESSIVE;
				CLANG_CXX_LANGUAGE_STANDARD = "gnu++14";
				CLANG_CXX_LIBRARY = "libc++";
				CLANG_ENABLE_MODULES = YES;
				CLANG_ENABLE_OBJC_ARC = YES;
				CLANG_ENABLE_OBJC_WEAK = YES;
				CLANG_WARN_BLOCK_CAPTURE_AUTORELEASING = YES;
				CLANG_WARN_BOOL_CONVERSION = YES;
				CLANG_WARN_COMMA = YES;
				CLANG_WARN_CONSTANT_CONVERSION = YES;
				CLANG_WARN_DEPRECATED_OBJC_IMPLEMENTATIONS = YES;
				CLANG_WARN_DIRECT_OBJC_ISA_USAGE = YES_ERROR;
				CLANG_WARN_DOCUMENTATION_COMMENTS = YES;
				CLANG_WARN_EMPTY_BODY = YES;
				CLANG_WARN_ENUM_CONVERSION = YES;
				CLANG_WARN_INFINITE_RECURSION = YES;
				CLANG_WARN_INT_CONVERSION = YES;
				CLANG_WARN_NON_LITERAL_NULL_CONVERSION = YES;
				CLANG_WARN_OBJC_IMPLICIT_RETAIN_SELF = YES;
				CLANG_WARN_OBJC_LITERAL_CONVERSION = YES;
				CLANG_WARN_OBJC_ROOT_CLASS = YES_ERROR;
				CLANG_WARN_RANGE_LOOP_ANALYSIS = YES;
				CLANG_WARN_STRICT_PROTOTYPES = YES;
				CLANG_WARN_SUSPICIOUS_MOVE = YES;
				CLANG_WARN_UNGUARDED_AVAILABILITY = YES_AGGRESSIVE;
				CLANG_WARN_UNREACHABLE_CODE = YES;
				CLANG_WARN__DUPLICATE_METHOD_MATCH = YES;
				COPY_PHASE_STRIP = NO;
				DEBUG_INFORMATION_FORMAT = "dwarf-with-dsym";
				ENABLE_NS_ASSERTIONS = NO;
				ENABLE_STRICT_OBJC_MSGSEND = YES;
				GCC_C_LANGUAGE_STANDARD = gnu11;
				GCC_NO_COMMON_BLOCKS = YES;
				GCC_WARN_64_TO_32_BIT_CONVERSION = YES;
				GCC_WARN_ABOUT_RETURN_TYPE = YES_ERROR;
				GCC_WARN_UNDECLARED_SELECTOR = YES;
				GCC_WARN_UNINITIALIZED_AUTOS = YES_AGGRESSIVE;
				GCC_WARN_UNUSED_FUNCTION = YES;
				GCC_WARN_UNUSED_VARIABLE = YES;
				MTL_ENABLE_DEBUG_INFO = NO;
				MTL_FAST_MATH = YES;
				SWIFT_COMPILATION_MODE = wholemodule;
				SWIFT_OPTIMIZATION_LEVEL = "-O";
			};
			name = Release;
		};
		6042E5DE231D571C002A0E1F /* Debug */ = {
			isa = XCBuildConfiguration;
			buildSettings = {
				ALWAYS_EMBED_SWIFT_STANDARD_LIBRARIES = YES;
				ASSETCATALOG_COMPILER_APPICON_NAME = AppIcon;
				CODE_SIGN_IDENTITY = "iPhone Developer";
				CODE_SIGN_STYLE = Automatic;
				DEVELOPMENT_TEAM = 4M5A36G82A;
				INFOPLIST_FILE = "LastPlanet iOS/Info.plist";
				IPHONEOS_DEPLOYMENT_TARGET = 12.4;
				LD_RUNPATH_SEARCH_PATHS = (
					"$(inherited)",
					"@executable_path/Frameworks",
				);
				PRODUCT_BUNDLE_IDENTIFIER = haijian.LastPlanet;
				PRODUCT_NAME = LastPlanet;
				SDKROOT = iphoneos;
				SWIFT_VERSION = 5.0;
				TARGETED_DEVICE_FAMILY = "1,2";
			};
			name = Debug;
		};
		6042E5DF231D571C002A0E1F /* Release */ = {
			isa = XCBuildConfiguration;
			buildSettings = {
				ALWAYS_EMBED_SWIFT_STANDARD_LIBRARIES = YES;
				ASSETCATALOG_COMPILER_APPICON_NAME = AppIcon;
				CODE_SIGN_IDENTITY = "iPhone Developer";
				CODE_SIGN_STYLE = Automatic;
				DEVELOPMENT_TEAM = 4M5A36G82A;
				INFOPLIST_FILE = "LastPlanet iOS/Info.plist";
				IPHONEOS_DEPLOYMENT_TARGET = 12.4;
				LD_RUNPATH_SEARCH_PATHS = (
					"$(inherited)",
					"@executable_path/Frameworks",
				);
				PRODUCT_BUNDLE_IDENTIFIER = haijian.LastPlanet;
				PRODUCT_NAME = LastPlanet;
				SDKROOT = iphoneos;
				SWIFT_VERSION = 5.0;
				TARGETED_DEVICE_FAMILY = "1,2";
				VALIDATE_PRODUCT = YES;
			};
			name = Release;
		};
		6042E5E1231D571C002A0E1F /* Debug */ = {
			isa = XCBuildConfiguration;
			buildSettings = {
				ALWAYS_EMBED_SWIFT_STANDARD_LIBRARIES = YES;
				ASSETCATALOG_COMPILER_APPICON_NAME = AppIcon;
				CODE_SIGN_IDENTITY = "Mac Developer";
				CODE_SIGN_STYLE = Automatic;
				COMBINE_HIDPI_IMAGES = YES;
				DEVELOPMENT_TEAM = 4M5A36G82A;
				INFOPLIST_FILE = "LastPlanet macOS/Info.plist";
				LD_RUNPATH_SEARCH_PATHS = (
					"$(inherited)",
					"@executable_path/../Frameworks",
				);
				MACOSX_DEPLOYMENT_TARGET = 10.14;
				PRODUCT_BUNDLE_IDENTIFIER = haijian.LastPlanet;
				PRODUCT_NAME = LastPlanet;
				PROVISIONING_PROFILE_SPECIFIER = "";
				SDKROOT = macosx;
				SWIFT_VERSION = 5.0;
			};
			name = Debug;
		};
		6042E5E2231D571C002A0E1F /* Release */ = {
			isa = XCBuildConfiguration;
			buildSettings = {
				ALWAYS_EMBED_SWIFT_STANDARD_LIBRARIES = YES;
				ASSETCATALOG_COMPILER_APPICON_NAME = AppIcon;
				CODE_SIGN_IDENTITY = "Mac Developer";
				CODE_SIGN_STYLE = Automatic;
				COMBINE_HIDPI_IMAGES = YES;
				DEVELOPMENT_TEAM = 4M5A36G82A;
				INFOPLIST_FILE = "LastPlanet macOS/Info.plist";
				LD_RUNPATH_SEARCH_PATHS = (
					"$(inherited)",
					"@executable_path/../Frameworks",
				);
				MACOSX_DEPLOYMENT_TARGET = 10.14;
				PRODUCT_BUNDLE_IDENTIFIER = haijian.LastPlanet;
				PRODUCT_NAME = LastPlanet;
				PROVISIONING_PROFILE_SPECIFIER = "";
				SDKROOT = macosx;
				SWIFT_VERSION = 5.0;
			};
			name = Release;
		};
/* End XCBuildConfiguration section */

/* Begin XCConfigurationList section */
		60183589231EB61000A34C27 /* Build configuration list for PBXNativeTarget "Engine iOS" */ = {
			isa = XCConfigurationList;
			buildConfigurations = (
				6018358A231EB61000A34C27 /* Debug */,
				6018358B231EB61000A34C27 /* Release */,
			);
			defaultConfigurationIsVisible = 0;
			defaultConfigurationName = Release;
		};
		6018359B231EB65600A34C27 /* Build configuration list for PBXNativeTarget "Engine macOS" */ = {
			isa = XCConfigurationList;
			buildConfigurations = (
				6018359C231EB65600A34C27 /* Debug */,
				6018359D231EB65600A34C27 /* Release */,
			);
			defaultConfigurationIsVisible = 0;
			defaultConfigurationName = Release;
		};
		6042E5AD231D571B002A0E1F /* Build configuration list for PBXProject "LastPlanet" */ = {
			isa = XCConfigurationList;
			buildConfigurations = (
				6042E5DB231D571C002A0E1F /* Debug */,
				6042E5DC231D571C002A0E1F /* Release */,
			);
			defaultConfigurationIsVisible = 0;
			defaultConfigurationName = Release;
		};
		6042E5DD231D571C002A0E1F /* Build configuration list for PBXNativeTarget "LastPlanet iOS" */ = {
			isa = XCConfigurationList;
			buildConfigurations = (
				6042E5DE231D571C002A0E1F /* Debug */,
				6042E5DF231D571C002A0E1F /* Release */,
			);
			defaultConfigurationIsVisible = 0;
			defaultConfigurationName = Release;
		};
		6042E5E0231D571C002A0E1F /* Build configuration list for PBXNativeTarget "LastPlanet macOS" */ = {
			isa = XCConfigurationList;
			buildConfigurations = (
				6042E5E1231D571C002A0E1F /* Debug */,
				6042E5E2231D571C002A0E1F /* Release */,
			);
			defaultConfigurationIsVisible = 0;
			defaultConfigurationName = Release;
		};
/* End XCConfigurationList section */
	};
	rootObject = 6042E5AA231D571B002A0E1F /* Project object */;
}
